
Microsoft Visual Studio Solution File, Format Version 12.00
# Visual Studio Version 17
VisualStudioVersion = 17.4.33122.133
MinimumVisualStudioVersion = 10.0.40219.1
Project("{FAE04EC0-301F-11D3-BF4B-00C04F79EFBC}") = "LogicalPrograms", "LogicalPrograms.csproj", "{FCC7C93B-213A-42B0-96EE-A16A897C9001}"
EndProject
Global
	GlobalSection(SolutionConfigurationPlatforms) = preSolution
		Debug|Any CPU = Debug|Any CPU
		Release|Any CPU = Release|Any CPU
	EndGlobalSection
	GlobalSection(ProjectConfigurationPlatforms) = postSolution
		{FCC7C93B-213A-42B0-96EE-A16A897C9001}.Debug|Any CPU.ActiveCfg = Debug|Any CPU
		{FCC7C93B-213A-42B0-96EE-A16A897C9001}.Debug|Any CPU.Build.0 = Debug|Any CPU
		{FCC7C93B-213A-42B0-96EE-A16A897C9001}.Release|Any CPU.ActiveCfg = Release|Any CPU
		{FCC7C93B-213A-42B0-96EE-A16A897C9001}.Release|Any CPU.Build.0 = Release|Any CPU
	EndGlobalSection
	GlobalSection(SolutionProperties) = preSolution
		HideSolutionNode = FALSE
	EndGlobalSection
	GlobalSection(ExtensibilityGlobals) = postSolution
		SolutionGuid = {1CF3FD02-1A0E-4E76-B5CF-5522A98599A4}
	EndGlobalSection
EndGlobal
